{
    "name": "react-typescript-scaffold",
    "version": "1.0.0",
    "lockfileVersion": 1,
    "requires": true,
    "dependencies": {
        "eslint-import-resolver-alias": {
            "version": "1.1.2",
            "resolved": "https://registry.npmjs.org/eslint-import-resolver-alias/-/eslint-import-resolver-alias-1.1.2.tgz",
            "integrity": "sha512-WdviM1Eu834zsfjHtcGHtGfcu+F30Od3V7I9Fi57uhBEwPkjDcii7/yW8jAT+gOhn4P/vOxxNAXbFAKsrrc15w==",
            "dev": true
        }
    }
}
